// !$*UTF8*$!
{
	archiveVersion = 1;
	classes = {
	};
	objectVersion = 56;
	objects = {

/* Begin PBXBuildFile section */
		A0C2D4D92CD76E5900D6C682 /* MainTabView.swift in Sources */ = {isa = PBXBuildFile; fileRef = A0C2D4D82CD76E5900D6C682 /* MainTabView.swift */; };
		A0C2D4DD2CD772DB00D6C682 /* Router.swift in Sources */ = {isa = PBXBuildFile; fileRef = A0C2D4DC2CD772DB00D6C682 /* Router.swift */; };
		A0C2D4DF2CD7754F00D6C682 /* HomeNavigationStack.swift in Sources */ = {isa = PBXBuildFile; fileRef = A0C2D4DE2CD7754F00D6C682 /* HomeNavigationStack.swift */; };
		A0C2D4E12CD7767D00D6C682 /* HomeView.swift in Sources */ = {isa = PBXBuildFile; fileRef = A0C2D4E02CD7767D00D6C682 /* HomeView.swift */; };
		A0C2D4E32CD776DA00D6C682 /* Route.swift in Sources */ = {isa = PBXBuildFile; fileRef = A0C2D4E22CD776DA00D6C682 /* Route.swift */; };
		A0C2D4E52CD778A700D6C682 /* ExploreNavigationStack.swift in Sources */ = {isa = PBXBuildFile; fileRef = A0C2D4E42CD778A700D6C682 /* ExploreNavigationStack.swift */; };
		A0C2D4E72CD77C9000D6C682 /* HomeRoute.swift in Sources */ = {isa = PBXBuildFile; fileRef = A0C2D4E62CD77C9000D6C682 /* HomeRoute.swift */; };
		A0C2D4E92CD77CB100D6C682 /* ExploreRoute.swift in Sources */ = {isa = PBXBuildFile; fileRef = A0C2D4E82CD77CB100D6C682 /* ExploreRoute.swift */; };
		A0C2D4EF2CD789D700D6C682 /* HomeDetail.swift in Sources */ = {isa = PBXBuildFile; fileRef = A0C2D4EE2CD789D700D6C682 /* HomeDetail.swift */; };
		A0C2D4F12CD7922C00D6C682 /* NotificationsNavigationStack.swift in Sources */ = {isa = PBXBuildFile; fileRef = A0C2D4F02CD7922C00D6C682 /* NotificationsNavigationStack.swift */; };
		A0C2D4F32CD7928E00D6C682 /* NotificationRoute.swift in Sources */ = {isa = PBXBuildFile; fileRef = A0C2D4F22CD7928E00D6C682 /* NotificationRoute.swift */; };
		A0C2D4F52CD792CF00D6C682 /* ProfileRoute.swift in Sources */ = {isa = PBXBuildFile; fileRef = A0C2D4F42CD792CF00D6C682 /* ProfileRoute.swift */; };
		A0C2D4F72CD7936B00D6C682 /* ProfileNavigationStack.swift in Sources */ = {isa = PBXBuildFile; fileRef = A0C2D4F62CD7936B00D6C682 /* ProfileNavigationStack.swift */; };
		A0C2D4F92CD798A100D6C682 /* SessionManager.swift in Sources */ = {isa = PBXBuildFile; fileRef = A0C2D4F82CD798A100D6C682 /* SessionManager.swift */; };
		DFA6B976A8C8FBBB53C4CC45 /* Pods_Highland_Travels.framework in Frameworks */ = {isa = PBXBuildFile; fileRef = 681499E64F5B047281CDFCF1 /* Pods_Highland_Travels.framework */; };
		F27D4EBD2CBA66FF00A1EAA5 /* Highland_TravelsApp.swift in Sources */ = {isa = PBXBuildFile; fileRef = F27D4EBC2CBA66FF00A1EAA5 /* Highland_TravelsApp.swift */; };
		F27D4EBF2CBA66FF00A1EAA5 /* ContentView.swift in Sources */ = {isa = PBXBuildFile; fileRef = F27D4EBE2CBA66FF00A1EAA5 /* ContentView.swift */; };
		F27D4EC12CBA670200A1EAA5 /* Assets.xcassets in Resources */ = {isa = PBXBuildFile; fileRef = F27D4EC02CBA670200A1EAA5 /* Assets.xcassets */; };
		F27D4EC42CBA670200A1EAA5 /* Preview Assets.xcassets in Resources */ = {isa = PBXBuildFile; fileRef = F27D4EC32CBA670200A1EAA5 /* Preview Assets.xcassets */; };
		F27D4ECC2CBA699500A1EAA5 /* Color+Extennsion.swift in Sources */ = {isa = PBXBuildFile; fileRef = F27D4ECB2CBA699500A1EAA5 /* Color+Extennsion.swift */; };
		F27D4ECE2CBA6C0700A1EAA5 /* Font+Extension.swift in Sources */ = {isa = PBXBuildFile; fileRef = F27D4ECD2CBA6C0700A1EAA5 /* Font+Extension.swift */; };
		F27D4ED72CBA6D8E00A1EAA5 /* OpenSans-Medium.ttf in Resources */ = {isa = PBXBuildFile; fileRef = F27D4ED12CBA6D8D00A1EAA5 /* OpenSans-Medium.ttf */; };
		F27D4ED82CBA6D8E00A1EAA5 /* OpenSans-ExtraBold.ttf in Resources */ = {isa = PBXBuildFile; fileRef = F27D4ED22CBA6D8D00A1EAA5 /* OpenSans-ExtraBold.ttf */; };
		F27D4ED92CBA6D8E00A1EAA5 /* OpenSans-SemiBold.ttf in Resources */ = {isa = PBXBuildFile; fileRef = F27D4ED32CBA6D8D00A1EAA5 /* OpenSans-SemiBold.ttf */; };
		F27D4EDA2CBA6D8E00A1EAA5 /* OpenSans-Regular.ttf in Resources */ = {isa = PBXBuildFile; fileRef = F27D4ED42CBA6D8D00A1EAA5 /* OpenSans-Regular.ttf */; };
		F27D4EDB2CBA6D8E00A1EAA5 /* OpenSans-Light.ttf in Resources */ = {isa = PBXBuildFile; fileRef = F27D4ED52CBA6D8E00A1EAA5 /* OpenSans-Light.ttf */; };
		F27D4EDC2CBA6D8E00A1EAA5 /* OpenSans-Bold.ttf in Resources */ = {isa = PBXBuildFile; fileRef = F27D4ED62CBA6D8E00A1EAA5 /* OpenSans-Bold.ttf */; };
		F27D4EE12CBA747500A1EAA5 /* Highland-Travels-Info.plist in Resources */ = {isa = PBXBuildFile; fileRef = F27D4EDF2CBA744700A1EAA5 /* Highland-Travels-Info.plist */; };
		F27D4EE32CBA75B700A1EAA5 /* LaunchScreen.storyboard in Resources */ = {isa = PBXBuildFile; fileRef = F27D4EE22CBA75B700A1EAA5 /* LaunchScreen.storyboard */; };
		F27D4EE82CBA7CAC00A1EAA5 /* AuthHeader.swift in Sources */ = {isa = PBXBuildFile; fileRef = F27D4EE72CBA7CAC00A1EAA5 /* AuthHeader.swift */; };
		F27D4EED2CBA8CC800A1EAA5 /* swiftgen.yml in Resources */ = {isa = PBXBuildFile; fileRef = F27D4EEC2CBA8CC800A1EAA5 /* swiftgen.yml */; };
		F27D4EF02CBA8E3A00A1EAA5 /* XCAssets+Generated.swift in Sources */ = {isa = PBXBuildFile; fileRef = F27D4EEF2CBA8E3A00A1EAA5 /* XCAssets+Generated.swift */; };
		F29D9F822CC39C310034D7BB /* InputField.swift in Sources */ = {isa = PBXBuildFile; fileRef = F29D9F812CC39C310034D7BB /* InputField.swift */; };
		F29D9F842CC39D580034D7BB /* View+Extension.swift in Sources */ = {isa = PBXBuildFile; fileRef = F29D9F832CC39D580034D7BB /* View+Extension.swift */; };
		F29D9F862CC3A78C0034D7BB /* HTButton.swift in Sources */ = {isa = PBXBuildFile; fileRef = F29D9F852CC3A78C0034D7BB /* HTButton.swift */; };
		F29D9F882CC3B86F0034D7BB /* AuthView.swift in Sources */ = {isa = PBXBuildFile; fileRef = F29D9F872CC3B86F0034D7BB /* AuthView.swift */; };
		F29D9F8C2CC3B9EF0034D7BB /* AuthViewModel.swift in Sources */ = {isa = PBXBuildFile; fileRef = F29D9F8B2CC3B9EF0034D7BB /* AuthViewModel.swift */; };
		F2F523312CBBC458007A074D /* String+Extension.swift in Sources */ = {isa = PBXBuildFile; fileRef = F2F523302CBBC458007A074D /* String+Extension.swift */; };
		F2F523332CBBC4D6007A074D /* UIApplication+Extension.swift in Sources */ = {isa = PBXBuildFile; fileRef = F2F523322CBBC4D6007A074D /* UIApplication+Extension.swift */; };
		F2F5233A2CBBC8E3007A074D /* Localizable.xcstrings in Resources */ = {isa = PBXBuildFile; fileRef = F2F523392CBBC8E3007A074D /* Localizable.xcstrings */; };
/* End PBXBuildFile section */

/* Begin PBXFileReference section */
		681499E64F5B047281CDFCF1 /* Pods_Highland_Travels.framework */ = {isa = PBXFileReference; explicitFileType = wrapper.framework; includeInIndex = 0; path = Pods_Highland_Travels.framework; sourceTree = BUILT_PRODUCTS_DIR; };
		A0C2D4D82CD76E5900D6C682 /* MainTabView.swift */ = {isa = PBXFileReference; lastKnownFileType = sourcecode.swift; path = MainTabView.swift; sourceTree = "<group>"; };
		A0C2D4DC2CD772DB00D6C682 /* Router.swift */ = {isa = PBXFileReference; lastKnownFileType = sourcecode.swift; path = Router.swift; sourceTree = "<group>"; };
		A0C2D4DE2CD7754F00D6C682 /* HomeNavigationStack.swift */ = {isa = PBXFileReference; lastKnownFileType = sourcecode.swift; path = HomeNavigationStack.swift; sourceTree = "<group>"; };
		A0C2D4E02CD7767D00D6C682 /* HomeView.swift */ = {isa = PBXFileReference; lastKnownFileType = sourcecode.swift; path = HomeView.swift; sourceTree = "<group>"; };
		A0C2D4E22CD776DA00D6C682 /* Route.swift */ = {isa = PBXFileReference; lastKnownFileType = sourcecode.swift; path = Route.swift; sourceTree = "<group>"; };
		A0C2D4E42CD778A700D6C682 /* ExploreNavigationStack.swift */ = {isa = PBXFileReference; lastKnownFileType = sourcecode.swift; path = ExploreNavigationStack.swift; sourceTree = "<group>"; };
		A0C2D4E62CD77C9000D6C682 /* HomeRoute.swift */ = {isa = PBXFileReference; lastKnownFileType = sourcecode.swift; path = HomeRoute.swift; sourceTree = "<group>"; };
		A0C2D4E82CD77CB100D6C682 /* ExploreRoute.swift */ = {isa = PBXFileReference; lastKnownFileType = sourcecode.swift; path = ExploreRoute.swift; sourceTree = "<group>"; };
		A0C2D4EE2CD789D700D6C682 /* HomeDetail.swift */ = {isa = PBXFileReference; lastKnownFileType = sourcecode.swift; path = HomeDetail.swift; sourceTree = "<group>"; };
		A0C2D4F02CD7922C00D6C682 /* NotificationsNavigationStack.swift */ = {isa = PBXFileReference; lastKnownFileType = sourcecode.swift; path = NotificationsNavigationStack.swift; sourceTree = "<group>"; };
		A0C2D4F22CD7928E00D6C682 /* NotificationRoute.swift */ = {isa = PBXFileReference; lastKnownFileType = sourcecode.swift; path = NotificationRoute.swift; sourceTree = "<group>"; };
		A0C2D4F42CD792CF00D6C682 /* ProfileRoute.swift */ = {isa = PBXFileReference; lastKnownFileType = sourcecode.swift; path = ProfileRoute.swift; sourceTree = "<group>"; };
		A0C2D4F62CD7936B00D6C682 /* ProfileNavigationStack.swift */ = {isa = PBXFileReference; lastKnownFileType = sourcecode.swift; path = ProfileNavigationStack.swift; sourceTree = "<group>"; };
		A0C2D4F82CD798A100D6C682 /* SessionManager.swift */ = {isa = PBXFileReference; lastKnownFileType = sourcecode.swift; path = SessionManager.swift; sourceTree = "<group>"; };
		B2C2124D98CAF2C4FB042436 /* Pods-Highland Travels.release.xcconfig */ = {isa = PBXFileReference; includeInIndex = 1; lastKnownFileType = text.xcconfig; name = "Pods-Highland Travels.release.xcconfig"; path = "Target Support Files/Pods-Highland Travels/Pods-Highland Travels.release.xcconfig"; sourceTree = "<group>"; };
		B4332A5989D122EF63963288 /* Pods-Highland Travels.debug.xcconfig */ = {isa = PBXFileReference; includeInIndex = 1; lastKnownFileType = text.xcconfig; name = "Pods-Highland Travels.debug.xcconfig"; path = "Target Support Files/Pods-Highland Travels/Pods-Highland Travels.debug.xcconfig"; sourceTree = "<group>"; };
		F27D4EB92CBA66FF00A1EAA5 /* Highland Travels.app */ = {isa = PBXFileReference; explicitFileType = wrapper.application; includeInIndex = 0; path = "Highland Travels.app"; sourceTree = BUILT_PRODUCTS_DIR; };
		F27D4EBC2CBA66FF00A1EAA5 /* Highland_TravelsApp.swift */ = {isa = PBXFileReference; lastKnownFileType = sourcecode.swift; path = Highland_TravelsApp.swift; sourceTree = "<group>"; };
		F27D4EBE2CBA66FF00A1EAA5 /* ContentView.swift */ = {isa = PBXFileReference; lastKnownFileType = sourcecode.swift; path = ContentView.swift; sourceTree = "<group>"; };
		F27D4EC02CBA670200A1EAA5 /* Assets.xcassets */ = {isa = PBXFileReference; lastKnownFileType = folder.assetcatalog; path = Assets.xcassets; sourceTree = "<group>"; };
		F27D4EC32CBA670200A1EAA5 /* Preview Assets.xcassets */ = {isa = PBXFileReference; lastKnownFileType = folder.assetcatalog; path = "Preview Assets.xcassets"; sourceTree = "<group>"; };
		F27D4ECB2CBA699500A1EAA5 /* Color+Extennsion.swift */ = {isa = PBXFileReference; lastKnownFileType = sourcecode.swift; path = "Color+Extennsion.swift"; sourceTree = "<group>"; };
		F27D4ECD2CBA6C0700A1EAA5 /* Font+Extension.swift */ = {isa = PBXFileReference; lastKnownFileType = sourcecode.swift; path = "Font+Extension.swift"; sourceTree = "<group>"; };
		F27D4ED12CBA6D8D00A1EAA5 /* OpenSans-Medium.ttf */ = {isa = PBXFileReference; lastKnownFileType = file; path = "OpenSans-Medium.ttf"; sourceTree = "<group>"; };
		F27D4ED22CBA6D8D00A1EAA5 /* OpenSans-ExtraBold.ttf */ = {isa = PBXFileReference; lastKnownFileType = file; path = "OpenSans-ExtraBold.ttf"; sourceTree = "<group>"; };
		F27D4ED32CBA6D8D00A1EAA5 /* OpenSans-SemiBold.ttf */ = {isa = PBXFileReference; lastKnownFileType = file; path = "OpenSans-SemiBold.ttf"; sourceTree = "<group>"; };
		F27D4ED42CBA6D8D00A1EAA5 /* OpenSans-Regular.ttf */ = {isa = PBXFileReference; lastKnownFileType = file; path = "OpenSans-Regular.ttf"; sourceTree = "<group>"; };
		F27D4ED52CBA6D8E00A1EAA5 /* OpenSans-Light.ttf */ = {isa = PBXFileReference; lastKnownFileType = file; path = "OpenSans-Light.ttf"; sourceTree = "<group>"; };
		F27D4ED62CBA6D8E00A1EAA5 /* OpenSans-Bold.ttf */ = {isa = PBXFileReference; lastKnownFileType = file; path = "OpenSans-Bold.ttf"; sourceTree = "<group>"; };
		F27D4EDF2CBA744700A1EAA5 /* Highland-Travels-Info.plist */ = {isa = PBXFileReference; fileEncoding = 4; lastKnownFileType = text.plist.xml; path = "Highland-Travels-Info.plist"; sourceTree = "<group>"; };
		F27D4EE22CBA75B700A1EAA5 /* LaunchScreen.storyboard */ = {isa = PBXFileReference; lastKnownFileType = file.storyboard; path = LaunchScreen.storyboard; sourceTree = "<group>"; };
		F27D4EE72CBA7CAC00A1EAA5 /* AuthHeader.swift */ = {isa = PBXFileReference; lastKnownFileType = sourcecode.swift; path = AuthHeader.swift; sourceTree = "<group>"; };
		F27D4EEC2CBA8CC800A1EAA5 /* swiftgen.yml */ = {isa = PBXFileReference; fileEncoding = 4; lastKnownFileType = text.yaml; path = swiftgen.yml; sourceTree = "<group>"; };
		F27D4EEF2CBA8E3A00A1EAA5 /* XCAssets+Generated.swift */ = {isa = PBXFileReference; fileEncoding = 4; lastKnownFileType = sourcecode.swift; path = "XCAssets+Generated.swift"; sourceTree = "<group>"; };
		F29D9F812CC39C310034D7BB /* InputField.swift */ = {isa = PBXFileReference; lastKnownFileType = sourcecode.swift; path = InputField.swift; sourceTree = "<group>"; };
		F29D9F832CC39D580034D7BB /* View+Extension.swift */ = {isa = PBXFileReference; lastKnownFileType = sourcecode.swift; path = "View+Extension.swift"; sourceTree = "<group>"; };
		F29D9F852CC3A78C0034D7BB /* HTButton.swift */ = {isa = PBXFileReference; lastKnownFileType = sourcecode.swift; path = HTButton.swift; sourceTree = "<group>"; };
		F29D9F872CC3B86F0034D7BB /* AuthView.swift */ = {isa = PBXFileReference; lastKnownFileType = sourcecode.swift; path = AuthView.swift; sourceTree = "<group>"; };
		F29D9F8B2CC3B9EF0034D7BB /* AuthViewModel.swift */ = {isa = PBXFileReference; lastKnownFileType = sourcecode.swift; path = AuthViewModel.swift; sourceTree = "<group>"; };
		F2F523302CBBC458007A074D /* String+Extension.swift */ = {isa = PBXFileReference; lastKnownFileType = sourcecode.swift; path = "String+Extension.swift"; sourceTree = "<group>"; };
		F2F523322CBBC4D6007A074D /* UIApplication+Extension.swift */ = {isa = PBXFileReference; lastKnownFileType = sourcecode.swift; path = "UIApplication+Extension.swift"; sourceTree = "<group>"; };
		F2F523392CBBC8E3007A074D /* Localizable.xcstrings */ = {isa = PBXFileReference; lastKnownFileType = text.json.xcstrings; path = Localizable.xcstrings; sourceTree = "<group>"; };
/* End PBXFileReference section */

/* Begin PBXFrameworksBuildPhase section */
		F27D4EB62CBA66FF00A1EAA5 /* Frameworks */ = {
			isa = PBXFrameworksBuildPhase;
			buildActionMask = 2147483647;
			files = (
				DFA6B976A8C8FBBB53C4CC45 /* Pods_Highland_Travels.framework in Frameworks */,
			);
			runOnlyForDeploymentPostprocessing = 0;
		};
/* End PBXFrameworksBuildPhase section */

/* Begin PBXGroup section */
		0C42579BB0EDD77958E60779 /* Frameworks */ = {
			isa = PBXGroup;
			children = (
				681499E64F5B047281CDFCF1 /* Pods_Highland_Travels.framework */,
			);
			name = Frameworks;
			sourceTree = "<group>";
		};
		A0C2D4D62CD76CFB00D6C682 /* Presentation */ = {
			isa = PBXGroup;
			children = (
				A0C2D4D72CD76E2E00D6C682 /* Home */,
				F27D4EE62CBA7C8500A1EAA5 /* Auth */,
				F27D4EF12CBA8FC700A1EAA5 /* App */,
			);
			path = Presentation;
			sourceTree = "<group>";
		};
		A0C2D4D72CD76E2E00D6C682 /* Home */ = {
			isa = PBXGroup;
			children = (
				A0C2D4E02CD7767D00D6C682 /* HomeView.swift */,
				A0C2D4EE2CD789D700D6C682 /* HomeDetail.swift */,
			);
			path = Home;
			sourceTree = "<group>";
		};
		A0C2D4DB2CD772B400D6C682 /* Navigation */ = {
			isa = PBXGroup;
			children = (
				A0C2D4EB2CD77DDE00D6C682 /* Stacks */,
				A0C2D4EA2CD77DCC00D6C682 /* Routes */,
				A0C2D4DC2CD772DB00D6C682 /* Router.swift */,
			);
			path = Navigation;
			sourceTree = "<group>";
		};
		A0C2D4EA2CD77DCC00D6C682 /* Routes */ = {
			isa = PBXGroup;
			children = (
				A0C2D4E22CD776DA00D6C682 /* Route.swift */,
				A0C2D4E62CD77C9000D6C682 /* HomeRoute.swift */,
				A0C2D4E82CD77CB100D6C682 /* ExploreRoute.swift */,
				A0C2D4F22CD7928E00D6C682 /* NotificationRoute.swift */,
				A0C2D4F42CD792CF00D6C682 /* ProfileRoute.swift */,
			);
			path = Routes;
			sourceTree = "<group>";
		};
		A0C2D4EB2CD77DDE00D6C682 /* Stacks */ = {
			isa = PBXGroup;
			children = (
				A0C2D4DE2CD7754F00D6C682 /* HomeNavigationStack.swift */,
				A0C2D4E42CD778A700D6C682 /* ExploreNavigationStack.swift */,
				A0C2D4F02CD7922C00D6C682 /* NotificationsNavigationStack.swift */,
				A0C2D4F62CD7936B00D6C682 /* ProfileNavigationStack.swift */,
			);
			path = Stacks;
			sourceTree = "<group>";
		};
		F27D4EB02CBA66FF00A1EAA5 = {
			isa = PBXGroup;
			children = (
				F2F523392CBBC8E3007A074D /* Localizable.xcstrings */,
				F27D4EEC2CBA8CC800A1EAA5 /* swiftgen.yml */,
				F27D4EE22CBA75B700A1EAA5 /* LaunchScreen.storyboard */,
				F27D4EDF2CBA744700A1EAA5 /* Highland-Travels-Info.plist */,
				F27D4ECF2CBA6CD200A1EAA5 /* Shared */,
				F27D4EBB2CBA66FF00A1EAA5 /* Highland Travels */,
				F27D4EBA2CBA66FF00A1EAA5 /* Products */,
				FD0B3C6B2A2E2F07C60CF39D /* Pods */,
				0C42579BB0EDD77958E60779 /* Frameworks */,
			);
			sourceTree = "<group>";
		};
		F27D4EBA2CBA66FF00A1EAA5 /* Products */ = {
			isa = PBXGroup;
			children = (
				F27D4EB92CBA66FF00A1EAA5 /* Highland Travels.app */,
			);
			name = Products;
			sourceTree = "<group>";
		};
		F27D4EBB2CBA66FF00A1EAA5 /* Highland Travels */ = {
			isa = PBXGroup;
			children = (
				A0C2D4DB2CD772B400D6C682 /* Navigation */,
				A0C2D4D62CD76CFB00D6C682 /* Presentation */,
				F27D4EC22CBA670200A1EAA5 /* Preview Content */,
				F29D9F7F2CC39C050034D7BB /* Common */,
			);
			path = "Highland Travels";
			sourceTree = "<group>";
		};
		F27D4EC22CBA670200A1EAA5 /* Preview Content */ = {
			isa = PBXGroup;
			children = (
				F27D4EC32CBA670200A1EAA5 /* Preview Assets.xcassets */,
			);
			path = "Preview Content";
			sourceTree = "<group>";
		};
		F27D4ECA2CBA696000A1EAA5 /* Extensions */ = {
			isa = PBXGroup;
			children = (
				F27D4ECB2CBA699500A1EAA5 /* Color+Extennsion.swift */,
				F27D4ECD2CBA6C0700A1EAA5 /* Font+Extension.swift */,
				F2F523302CBBC458007A074D /* String+Extension.swift */,
				F2F523322CBBC4D6007A074D /* UIApplication+Extension.swift */,
				F29D9F832CC39D580034D7BB /* View+Extension.swift */,
			);
			path = Extensions;
			sourceTree = "<group>";
		};
		F27D4ECF2CBA6CD200A1EAA5 /* Shared */ = {
			isa = PBXGroup;
			children = (
				F27D4EEE2CBA8DCF00A1EAA5 /* Generated */,
				F27D4EC02CBA670200A1EAA5 /* Assets.xcassets */,
				F27D4ECA2CBA696000A1EAA5 /* Extensions */,
				F27D4ED02CBA6CDA00A1EAA5 /* fonts */,
			);
			path = Shared;
			sourceTree = "<group>";
		};
		F27D4ED02CBA6CDA00A1EAA5 /* fonts */ = {
			isa = PBXGroup;
			children = (
				F27D4ED62CBA6D8E00A1EAA5 /* OpenSans-Bold.ttf */,
				F27D4ED22CBA6D8D00A1EAA5 /* OpenSans-ExtraBold.ttf */,
				F27D4ED52CBA6D8E00A1EAA5 /* OpenSans-Light.ttf */,
				F27D4ED12CBA6D8D00A1EAA5 /* OpenSans-Medium.ttf */,
				F27D4ED42CBA6D8D00A1EAA5 /* OpenSans-Regular.ttf */,
				F27D4ED32CBA6D8D00A1EAA5 /* OpenSans-SemiBold.ttf */,
			);
			path = fonts;
			sourceTree = "<group>";
		};
		F27D4EE62CBA7C8500A1EAA5 /* Auth */ = {
			isa = PBXGroup;
			children = (
				F29D9F872CC3B86F0034D7BB /* AuthView.swift */,
				F29D9F8B2CC3B9EF0034D7BB /* AuthViewModel.swift */,
				F27D4EE72CBA7CAC00A1EAA5 /* AuthHeader.swift */,
			);
			path = Auth;
			sourceTree = "<group>";
		};
		F27D4EEE2CBA8DCF00A1EAA5 /* Generated */ = {
			isa = PBXGroup;
			children = (
				F27D4EEF2CBA8E3A00A1EAA5 /* XCAssets+Generated.swift */,
			);
			path = Generated;
			sourceTree = "<group>";
		};
		F27D4EF12CBA8FC700A1EAA5 /* App */ = {
			isa = PBXGroup;
			children = (
				F27D4EBC2CBA66FF00A1EAA5 /* Highland_TravelsApp.swift */,
				F27D4EBE2CBA66FF00A1EAA5 /* ContentView.swift */,
				A0C2D4D82CD76E5900D6C682 /* MainTabView.swift */,
				A0C2D4F82CD798A100D6C682 /* SessionManager.swift */,
			);
			path = App;
			sourceTree = "<group>";
		};
		F29D9F7F2CC39C050034D7BB /* Common */ = {
			isa = PBXGroup;
			children = (
				F29D9F812CC39C310034D7BB /* InputField.swift */,
				F29D9F852CC3A78C0034D7BB /* HTButton.swift */,
			);
			path = Common;
			sourceTree = "<group>";
		};
		FD0B3C6B2A2E2F07C60CF39D /* Pods */ = {
			isa = PBXGroup;
			children = (
				B4332A5989D122EF63963288 /* Pods-Highland Travels.debug.xcconfig */,
				B2C2124D98CAF2C4FB042436 /* Pods-Highland Travels.release.xcconfig */,
			);
			path = Pods;
			sourceTree = "<group>";
		};
/* End PBXGroup section */

/* Begin PBXNativeTarget section */
		F27D4EB82CBA66FF00A1EAA5 /* Highland Travels */ = {
			isa = PBXNativeTarget;
			buildConfigurationList = F27D4EC72CBA670200A1EAA5 /* Build configuration list for PBXNativeTarget "Highland Travels" */;
			buildPhases = (
				91DA9837C206D5B37D3C1772 /* [CP] Check Pods Manifest.lock */,
				F27D4EE92CBA862C00A1EAA5 /* SwiftGen */,
				F27D4EB52CBA66FF00A1EAA5 /* Sources */,
				F27D4EB62CBA66FF00A1EAA5 /* Frameworks */,
				F27D4EB72CBA66FF00A1EAA5 /* Resources */,
			);
			buildRules = (
			);
			dependencies = (
			);
			name = "Highland Travels";
			productName = "Highland Travels";
			productReference = F27D4EB92CBA66FF00A1EAA5 /* Highland Travels.app */;
			productType = "com.apple.product-type.application";
		};
/* End PBXNativeTarget section */

/* Begin PBXProject section */
		F27D4EB12CBA66FF00A1EAA5 /* Project object */ = {
			isa = PBXProject;
			attributes = {
				BuildIndependentTargetsInParallel = 1;
				LastSwiftUpdateCheck = 1520;
				LastUpgradeCheck = 1520;
				TargetAttributes = {
					F27D4EB82CBA66FF00A1EAA5 = {
						CreatedOnToolsVersion = 15.2;
					};
				};
			};
			buildConfigurationList = F27D4EB42CBA66FF00A1EAA5 /* Build configuration list for PBXProject "Highland Travels" */;
			compatibilityVersion = "Xcode 14.0";
			developmentRegion = en;
			hasScannedForEncodings = 0;
			knownRegions = (
				en,
				Base,
				es,
			);
			mainGroup = F27D4EB02CBA66FF00A1EAA5;
			productRefGroup = F27D4EBA2CBA66FF00A1EAA5 /* Products */;
			projectDirPath = "";
			projectRoot = "";
			targets = (
				F27D4EB82CBA66FF00A1EAA5 /* Highland Travels */,
			);
		};
/* End PBXProject section */

/* Begin PBXResourcesBuildPhase section */
		F27D4EB72CBA66FF00A1EAA5 /* Resources */ = {
			isa = PBXResourcesBuildPhase;
			buildActionMask = 2147483647;
			files = (
				F27D4EE12CBA747500A1EAA5 /* Highland-Travels-Info.plist in Resources */,
				F27D4ED72CBA6D8E00A1EAA5 /* OpenSans-Medium.ttf in Resources */,
				F2F5233A2CBBC8E3007A074D /* Localizable.xcstrings in Resources */,
				F27D4EC42CBA670200A1EAA5 /* Preview Assets.xcassets in Resources */,
				F27D4EE32CBA75B700A1EAA5 /* LaunchScreen.storyboard in Resources */,
				F27D4EDC2CBA6D8E00A1EAA5 /* OpenSans-Bold.ttf in Resources */,
				F27D4EDB2CBA6D8E00A1EAA5 /* OpenSans-Light.ttf in Resources */,
				F27D4ED92CBA6D8E00A1EAA5 /* OpenSans-SemiBold.ttf in Resources */,
				F27D4EC12CBA670200A1EAA5 /* Assets.xcassets in Resources */,
				F27D4EED2CBA8CC800A1EAA5 /* swiftgen.yml in Resources */,
				F27D4EDA2CBA6D8E00A1EAA5 /* OpenSans-Regular.ttf in Resources */,
				F27D4ED82CBA6D8E00A1EAA5 /* OpenSans-ExtraBold.ttf in Resources */,
			);
			runOnlyForDeploymentPostprocessing = 0;
		};
/* End PBXResourcesBuildPhase section */

/* Begin PBXShellScriptBuildPhase section */
		91DA9837C206D5B37D3C1772 /* [CP] Check Pods Manifest.lock */ = {
			isa = PBXShellScriptBuildPhase;
			buildActionMask = 2147483647;
			files = (
			);
			inputFileListPaths = (
			);
			inputPaths = (
				"${PODS_PODFILE_DIR_PATH}/Podfile.lock",
				"${PODS_ROOT}/Manifest.lock",
			);
			name = "[CP] Check Pods Manifest.lock";
			outputFileListPaths = (
			);
			outputPaths = (
				"$(DERIVED_FILE_DIR)/Pods-Highland Travels-checkManifestLockResult.txt",
			);
			runOnlyForDeploymentPostprocessing = 0;
			shellPath = /bin/sh;
			shellScript = "diff \"${PODS_PODFILE_DIR_PATH}/Podfile.lock\" \"${PODS_ROOT}/Manifest.lock\" > /dev/null\nif [ $? != 0 ] ; then\n    # print error to STDERR\n    echo \"error: The sandbox is not in sync with the Podfile.lock. Run 'pod install' or update your CocoaPods installation.\" >&2\n    exit 1\nfi\n# This output is used by Xcode 'outputs' to avoid re-running this script phase.\necho \"SUCCESS\" > \"${SCRIPT_OUTPUT_FILE_0}\"\n";
			showEnvVarsInLog = 0;
		};
		F27D4EE92CBA862C00A1EAA5 /* SwiftGen */ = {
			isa = PBXShellScriptBuildPhase;
			buildActionMask = 2147483647;
			files = (
			);
			inputFileListPaths = (
			);
			inputPaths = (
			);
			name = SwiftGen;
			outputFileListPaths = (
			);
			outputPaths = (
			);
			runOnlyForDeploymentPostprocessing = 0;
			shellPath = /bin/sh;
			shellScript = "if [[ -f \"${PODS_ROOT}/SwiftGen/bin/swiftgen\" ]]; then\n  \"${PODS_ROOT}/SwiftGen/bin/swiftgen\"\nelse\n  echo \"warning: SwiftGen is not installed. Run 'pod install --repo-update' to install it.\"\nfi \n";
		};
/* End PBXShellScriptBuildPhase section */

/* Begin PBXSourcesBuildPhase section */
		F27D4EB52CBA66FF00A1EAA5 /* Sources */ = {
			isa = PBXSourcesBuildPhase;
			buildActionMask = 2147483647;
			files = (
				A0C2D4F32CD7928E00D6C682 /* NotificationRoute.swift in Sources */,
				F2F523312CBBC458007A074D /* String+Extension.swift in Sources */,
				F27D4EBF2CBA66FF00A1EAA5 /* ContentView.swift in Sources */,
				A0C2D4E92CD77CB100D6C682 /* ExploreRoute.swift in Sources */,
				F27D4EBD2CBA66FF00A1EAA5 /* Highland_TravelsApp.swift in Sources */,
				A0C2D4DF2CD7754F00D6C682 /* HomeNavigationStack.swift in Sources */,
				A0C2D4E52CD778A700D6C682 /* ExploreNavigationStack.swift in Sources */,
				F29D9F882CC3B86F0034D7BB /* AuthView.swift in Sources */,
				A0C2D4E12CD7767D00D6C682 /* HomeView.swift in Sources */,
				A0C2D4F52CD792CF00D6C682 /* ProfileRoute.swift in Sources */,
				A0C2D4D92CD76E5900D6C682 /* MainTabView.swift in Sources */,
				A0C2D4F92CD798A100D6C682 /* SessionManager.swift in Sources */,
				F29D9F8C2CC3B9EF0034D7BB /* AuthViewModel.swift in Sources */,
				A0C2D4F72CD7936B00D6C682 /* ProfileNavigationStack.swift in Sources */,
				F29D9F822CC39C310034D7BB /* InputField.swift in Sources */,
				A0C2D4E72CD77C9000D6C682 /* HomeRoute.swift in Sources */,
				A0C2D4E32CD776DA00D6C682 /* Route.swift in Sources */,
				A0C2D4EF2CD789D700D6C682 /* HomeDetail.swift in Sources */,
				A0C2D4DD2CD772DB00D6C682 /* Router.swift in Sources */,
				F27D4ECE2CBA6C0700A1EAA5 /* Font+Extension.swift in Sources */,
				F2F523332CBBC4D6007A074D /* UIApplication+Extension.swift in Sources */,
				F29D9F862CC3A78C0034D7BB /* HTButton.swift in Sources */,
				F29D9F842CC39D580034D7BB /* View+Extension.swift in Sources */,
				F27D4EE82CBA7CAC00A1EAA5 /* AuthHeader.swift in Sources */,
				F27D4EF02CBA8E3A00A1EAA5 /* XCAssets+Generated.swift in Sources */,
				A0C2D4F12CD7922C00D6C682 /* NotificationsNavigationStack.swift in Sources */,
				F27D4ECC2CBA699500A1EAA5 /* Color+Extennsion.swift in Sources */,
			);
			runOnlyForDeploymentPostprocessing = 0;
		};
/* End PBXSourcesBuildPhase section */

/* Begin XCBuildConfiguration section */
		F27D4EC52CBA670200A1EAA5 /* Debug */ = {
			isa = XCBuildConfiguration;
			buildSettings = {
				ALWAYS_SEARCH_USER_PATHS = NO;
				ASSETCATALOG_COMPILER_GENERATE_SWIFT_ASSET_SYMBOL_EXTENSIONS = YES;
				CLANG_ANALYZER_NONNULL = YES;
				CLANG_ANALYZER_NUMBER_OBJECT_CONVERSION = YES_AGGRESSIVE;
				CLANG_CXX_LANGUAGE_STANDARD = "gnu++20";
				CLANG_ENABLE_MODULES = YES;
				CLANG_ENABLE_OBJC_ARC = YES;
				CLANG_ENABLE_OBJC_WEAK = YES;
				CLANG_WARN_BLOCK_CAPTURE_AUTORELEASING = YES;
				CLANG_WARN_BOOL_CONVERSION = YES;
				CLANG_WARN_COMMA = YES;
				CLANG_WARN_CONSTANT_CONVERSION = YES;
				CLANG_WARN_DEPRECATED_OBJC_IMPLEMENTATIONS = YES;
				CLANG_WARN_DIRECT_OBJC_ISA_USAGE = YES_ERROR;
				CLANG_WARN_DOCUMENTATION_COMMENTS = YES;
				CLANG_WARN_EMPTY_BODY = YES;
				CLANG_WARN_ENUM_CONVERSION = YES;
				CLANG_WARN_INFINITE_RECURSION = YES;
				CLANG_WARN_INT_CONVERSION = YES;
				CLANG_WARN_NON_LITERAL_NULL_CONVERSION = YES;
				CLANG_WARN_OBJC_IMPLICIT_RETAIN_SELF = YES;
				CLANG_WARN_OBJC_LITERAL_CONVERSION = YES;
				CLANG_WARN_OBJC_ROOT_CLASS = YES_ERROR;
				CLANG_WARN_QUOTED_INCLUDE_IN_FRAMEWORK_HEADER = YES;
				CLANG_WARN_RANGE_LOOP_ANALYSIS = YES;
				CLANG_WARN_STRICT_PROTOTYPES = YES;
				CLANG_WARN_SUSPICIOUS_MOVE = YES;
				CLANG_WARN_UNGUARDED_AVAILABILITY = YES_AGGRESSIVE;
				CLANG_WARN_UNREACHABLE_CODE = YES;
				CLANG_WARN__DUPLICATE_METHOD_MATCH = YES;
				COPY_PHASE_STRIP = NO;
				DEBUG_INFORMATION_FORMAT = dwarf;
				ENABLE_STRICT_OBJC_MSGSEND = YES;
				ENABLE_TESTABILITY = YES;
				ENABLE_USER_SCRIPT_SANDBOXING = YES;
				GCC_C_LANGUAGE_STANDARD = gnu17;
				GCC_DYNAMIC_NO_PIC = NO;
				GCC_NO_COMMON_BLOCKS = YES;
				GCC_OPTIMIZATION_LEVEL = 0;
				GCC_PREPROCESSOR_DEFINITIONS = (
					"DEBUG=1",
					"$(inherited)",
				);
				GCC_WARN_64_TO_32_BIT_CONVERSION = YES;
				GCC_WARN_ABOUT_RETURN_TYPE = YES_ERROR;
				GCC_WARN_UNDECLARED_SELECTOR = YES;
				GCC_WARN_UNINITIALIZED_AUTOS = YES_AGGRESSIVE;
				GCC_WARN_UNUSED_FUNCTION = YES;
				GCC_WARN_UNUSED_VARIABLE = YES;
				IPHONEOS_DEPLOYMENT_TARGET = 17.2;
				LOCALIZATION_PREFERS_STRING_CATALOGS = YES;
				MTL_ENABLE_DEBUG_INFO = INCLUDE_SOURCE;
				MTL_FAST_MATH = YES;
				ONLY_ACTIVE_ARCH = YES;
				SDKROOT = iphoneos;
				SWIFT_ACTIVE_COMPILATION_CONDITIONS = "DEBUG $(inherited)";
				SWIFT_OPTIMIZATION_LEVEL = "-Onone";
			};
			name = Debug;
		};
		F27D4EC62CBA670200A1EAA5 /* Release */ = {
			isa = XCBuildConfiguration;
			buildSettings = {
				ALWAYS_SEARCH_USER_PATHS = NO;
				ASSETCATALOG_COMPILER_GENERATE_SWIFT_ASSET_SYMBOL_EXTENSIONS = YES;
				CLANG_ANALYZER_NONNULL = YES;
				CLANG_ANALYZER_NUMBER_OBJECT_CONVERSION = YES_AGGRESSIVE;
				CLANG_CXX_LANGUAGE_STANDARD = "gnu++20";
				CLANG_ENABLE_MODULES = YES;
				CLANG_ENABLE_OBJC_ARC = YES;
				CLANG_ENABLE_OBJC_WEAK = YES;
				CLANG_WARN_BLOCK_CAPTURE_AUTORELEASING = YES;
				CLANG_WARN_BOOL_CONVERSION = YES;
				CLANG_WARN_COMMA = YES;
				CLANG_WARN_CONSTANT_CONVERSION = YES;
				CLANG_WARN_DEPRECATED_OBJC_IMPLEMENTATIONS = YES;
				CLANG_WARN_DIRECT_OBJC_ISA_USAGE = YES_ERROR;
				CLANG_WARN_DOCUMENTATION_COMMENTS = YES;
				CLANG_WARN_EMPTY_BODY = YES;
				CLANG_WARN_ENUM_CONVERSION = YES;
				CLANG_WARN_INFINITE_RECURSION = YES;
				CLANG_WARN_INT_CONVERSION = YES;
				CLANG_WARN_NON_LITERAL_NULL_CONVERSION = YES;
				CLANG_WARN_OBJC_IMPLICIT_RETAIN_SELF = YES;
				CLANG_WARN_OBJC_LITERAL_CONVERSION = YES;
				CLANG_WARN_OBJC_ROOT_CLASS = YES_ERROR;
				CLANG_WARN_QUOTED_INCLUDE_IN_FRAMEWORK_HEADER = YES;
				CLANG_WARN_RANGE_LOOP_ANALYSIS = YES;
				CLANG_WARN_STRICT_PROTOTYPES = YES;
				CLANG_WARN_SUSPICIOUS_MOVE = YES;
				CLANG_WARN_UNGUARDED_AVAILABILITY = YES_AGGRESSIVE;
				CLANG_WARN_UNREACHABLE_CODE = YES;
				CLANG_WARN__DUPLICATE_METHOD_MATCH = YES;
				COPY_PHASE_STRIP = NO;
				DEBUG_INFORMATION_FORMAT = "dwarf-with-dsym";
				ENABLE_NS_ASSERTIONS = NO;
				ENABLE_STRICT_OBJC_MSGSEND = YES;
				ENABLE_USER_SCRIPT_SANDBOXING = YES;
				GCC_C_LANGUAGE_STANDARD = gnu17;
				GCC_NO_COMMON_BLOCKS = YES;
				GCC_WARN_64_TO_32_BIT_CONVERSION = YES;
				GCC_WARN_ABOUT_RETURN_TYPE = YES_ERROR;
				GCC_WARN_UNDECLARED_SELECTOR = YES;
				GCC_WARN_UNINITIALIZED_AUTOS = YES_AGGRESSIVE;
				GCC_WARN_UNUSED_FUNCTION = YES;
				GCC_WARN_UNUSED_VARIABLE = YES;
				IPHONEOS_DEPLOYMENT_TARGET = 17.2;
				LOCALIZATION_PREFERS_STRING_CATALOGS = YES;
				MTL_ENABLE_DEBUG_INFO = NO;
				MTL_FAST_MATH = YES;
				SDKROOT = iphoneos;
				SWIFT_COMPILATION_MODE = wholemodule;
				VALIDATE_PRODUCT = YES;
			};
			name = Release;
		};
		F27D4EC82CBA670200A1EAA5 /* Debug */ = {
			isa = XCBuildConfiguration;
			baseConfigurationReference = B4332A5989D122EF63963288 /* Pods-Highland Travels.debug.xcconfig */;
			buildSettings = {
				ASSETCATALOG_COMPILER_APPICON_NAME = AppIcon;
				ASSETCATALOG_COMPILER_GLOBAL_ACCENT_COLOR_NAME = AccentColor;
				CODE_SIGN_STYLE = Automatic;
				CURRENT_PROJECT_VERSION = 1;
				DEVELOPMENT_ASSET_PATHS = "Highland\\ Travels/Preview\\ Content";
				DEVELOPMENT_TEAM = R48SV542U7;
				ENABLE_PREVIEWS = YES;
				ENABLE_USER_SCRIPT_SANDBOXING = NO;
				GENERATE_INFOPLIST_FILE = YES;
				INFOPLIST_FILE = "Highland-Travels-Info.plist";
				INFOPLIST_KEY_UIApplicationSceneManifest_Generation = YES;
				INFOPLIST_KEY_UIApplicationSupportsIndirectInputEvents = YES;
				INFOPLIST_KEY_UILaunchScreen_Generation = YES;
				INFOPLIST_KEY_UILaunchStoryboardName = LaunchScreen;
				INFOPLIST_KEY_UISupportedInterfaceOrientations_iPad = "UIInterfaceOrientationPortrait UIInterfaceOrientationPortraitUpsideDown UIInterfaceOrientationLandscapeLeft UIInterfaceOrientationLandscapeRight";
				INFOPLIST_KEY_UISupportedInterfaceOrientations_iPhone = "UIInterfaceOrientationPortrait UIInterfaceOrientationLandscapeLeft UIInterfaceOrientationLandscapeRight";
				IPHONEOS_DEPLOYMENT_TARGET = 16.0;
				LD_RUNPATH_SEARCH_PATHS = (
					"$(inherited)",
					"@executable_path/Frameworks",
				);
				MARKETING_VERSION = 1.0;
				PRODUCT_BUNDLE_IDENTIFIER = "com.repairs-dev.Highland-Travels";
				PRODUCT_NAME = "$(TARGET_NAME)";
				SWIFT_EMIT_LOC_STRINGS = YES;
				SWIFT_VERSION = 5.0;
				TARGETED_DEVICE_FAMILY = "1,2";
			};
			name = Debug;
		};
		F27D4EC92CBA670200A1EAA5 /* Release */ = {
			isa = XCBuildConfiguration;
			baseConfigurationReference = B2C2124D98CAF2C4FB042436 /* Pods-Highland Travels.release.xcconfig */;
			buildSettings = {
				ASSETCATALOG_COMPILER_APPICON_NAME = AppIcon;
				ASSETCATALOG_COMPILER_GLOBAL_ACCENT_COLOR_NAME = AccentColor;
				CODE_SIGN_STYLE = Automatic;
				CURRENT_PROJECT_VERSION = 1;
				DEVELOPMENT_ASSET_PATHS = "Highland\\ Travels/Preview\\ Content";
				DEVELOPMENT_TEAM = R48SV542U7;
				ENABLE_PREVIEWS = YES;
				ENABLE_USER_SCRIPT_SANDBOXING = NO;
				GENERATE_INFOPLIST_FILE = YES;
				INFOPLIST_FILE = "Highland-Travels-Info.plist";
				INFOPLIST_KEY_UIApplicationSceneManifest_Generation = YES;
				INFOPLIST_KEY_UIApplicationSupportsIndirectInputEvents = YES;
				INFOPLIST_KEY_UILaunchScreen_Generation = YES;
				INFOPLIST_KEY_UILaunchStoryboardName = LaunchScreen;
				INFOPLIST_KEY_UISupportedInterfaceOrientations_iPad = "UIInterfaceOrientationPortrait UIInterfaceOrientationPortraitUpsideDown UIInterfaceOrientationLandscapeLeft UIInterfaceOrientationLandscapeRight";
				INFOPLIST_KEY_UISupportedInterfaceOrientations_iPhone = "UIInterfaceOrientationPortrait UIInterfaceOrientationLandscapeLeft UIInterfaceOrientationLandscapeRight";
				IPHONEOS_DEPLOYMENT_TARGET = 16.0;
				LD_RUNPATH_SEARCH_PATHS = (
					"$(inherited)",
					"@executable_path/Frameworks",
				);
				MARKETING_VERSION = 1.0;
				PRODUCT_BUNDLE_IDENTIFIER = "com.repairs-dev.Highland-Travels";
				PRODUCT_NAME = "$(TARGET_NAME)";
				SWIFT_EMIT_LOC_STRINGS = YES;
				SWIFT_VERSION = 5.0;
				TARGETED_DEVICE_FAMILY = "1,2";
			};
			name = Release;
		};
/* End XCBuildConfiguration section */

/* Begin XCConfigurationList section */
		F27D4EB42CBA66FF00A1EAA5 /* Build configuration list for PBXProject "Highland Travels" */ = {
			isa = XCConfigurationList;
			buildConfigurations = (
				F27D4EC52CBA670200A1EAA5 /* Debug */,
				F27D4EC62CBA670200A1EAA5 /* Release */,
			);
			defaultConfigurationIsVisible = 0;
			defaultConfigurationName = Release;
		};
		F27D4EC72CBA670200A1EAA5 /* Build configuration list for PBXNativeTarget "Highland Travels" */ = {
			isa = XCConfigurationList;
			buildConfigurations = (
				F27D4EC82CBA670200A1EAA5 /* Debug */,
				F27D4EC92CBA670200A1EAA5 /* Release */,
			);
			defaultConfigurationIsVisible = 0;
			defaultConfigurationName = Release;
		};
/* End XCConfigurationList section */
	};
	rootObject = F27D4EB12CBA66FF00A1EAA5 /* Project object */;
}
